
Microsoft Visual Studio Solution File, Format Version 12.00
# Visual Studio Version 17
VisualStudioVersion = 17.4.33213.308
MinimumVisualStudioVersion = 10.0.40219.1
Project("{2150E333-8FDC-42A3-9474-1A3956D46DE8}") = "Front", "Front", "{79E9EB94-5B40-46F0-9095-70FAB30A2D3F}"
EndProject
Project("{2150E333-8FDC-42A3-9474-1A3956D46DE8}") = "Services", "Services", "{A4289572-CB22-40D5-A441-ED5A514DC016}"
EndProject
Project("{FAE04EC0-301F-11D3-BF4B-00C04F79EFBC}") = "ShipShopping.Product.API", "ShipShopping.Product.API\ShipShopping.Product.API.csproj", "{C3AE3C32-EE0C-4782-B770-9364B4CB4B0B}"
EndProject
Global
	GlobalSection(SolutionConfigurationPlatforms) = preSolution
		Debug|Any CPU = Debug|Any CPU
		Release|Any CPU = Release|Any CPU
	EndGlobalSection
	GlobalSection(ProjectConfigurationPlatforms) = postSolution
		{C3AE3C32-EE0C-4782-B770-9364B4CB4B0B}.Debug|Any CPU.ActiveCfg = Debug|Any CPU
		{C3AE3C32-EE0C-4782-B770-9364B4CB4B0B}.Debug|Any CPU.Build.0 = Debug|Any CPU
		{C3AE3C32-EE0C-4782-B770-9364B4CB4B0B}.Release|Any CPU.ActiveCfg = Release|Any CPU
		{C3AE3C32-EE0C-4782-B770-9364B4CB4B0B}.Release|Any CPU.Build.0 = Release|Any CPU
	EndGlobalSection
	GlobalSection(SolutionProperties) = preSolution
		HideSolutionNode = FALSE
	EndGlobalSection
	GlobalSection(NestedProjects) = preSolution
		{C3AE3C32-EE0C-4782-B770-9364B4CB4B0B} = {A4289572-CB22-40D5-A441-ED5A514DC016}
	EndGlobalSection
	GlobalSection(ExtensibilityGlobals) = postSolution
		SolutionGuid = {9CA110BE-C780-4C13-BFC2-17EE17EDDDD2}
	EndGlobalSection
EndGlobal
